
Microsoft Visual Studio Solution File, Format Version 12.00
# Visual Studio Version 17
VisualStudioVersion = 17.6.33815.320
MinimumVisualStudioVersion = 10.0.40219.1
Project("{9A19103F-16F7-4668-BE54-9A1E7A4F7556}") = "ShopOnline.Server", "ShopOnline\Server\ShopOnline.Server.csproj", "{8EF25BA2-69CB-41E1-918E-51F96F077F42}"
EndProject
Project("{9A19103F-16F7-4668-BE54-9A1E7A4F7556}") = "ShopOnline.Client", "ShopOnline\Client\ShopOnline.Client.csproj", "{B19388AC-E00A-4D72-94BD-D4422B450BBE}"
EndProject
Project("{9A19103F-16F7-4668-BE54-9A1E7A4F7556}") = "ShopOnline.Api", "ShopOnline.Api\ShopOnline.Api.csproj", "{98370DA1-5274-4131-BA40-E2F8D076B62F}"
EndProject
Project("{9A19103F-16F7-4668-BE54-9A1E7A4F7556}") = "ShopOnline.Models", "ShopOnline.Models\ShopOnline.Models.csproj", "{C05A4692-7097-4B51-B8E2-38CFBF069091}"
EndProject
Global
	GlobalSection(SolutionConfigurationPlatforms) = preSolution
		Debug|Any CPU = Debug|Any CPU
		Release|Any CPU = Release|Any CPU
	EndGlobalSection
	GlobalSection(ProjectConfigurationPlatforms) = postSolution
		{8EF25BA2-69CB-41E1-918E-51F96F077F42}.Debug|Any CPU.ActiveCfg = Debug|Any CPU
		{8EF25BA2-69CB-41E1-918E-51F96F077F42}.Debug|Any CPU.Build.0 = Debug|Any CPU
		{8EF25BA2-69CB-41E1-918E-51F96F077F42}.Release|Any CPU.ActiveCfg = Release|Any CPU
		{8EF25BA2-69CB-41E1-918E-51F96F077F42}.Release|Any CPU.Build.0 = Release|Any CPU
		{B19388AC-E00A-4D72-94BD-D4422B450BBE}.Debug|Any CPU.ActiveCfg = Debug|Any CPU
		{B19388AC-E00A-4D72-94BD-D4422B450BBE}.Debug|Any CPU.Build.0 = Debug|Any CPU
		{B19388AC-E00A-4D72-94BD-D4422B450BBE}.Release|Any CPU.ActiveCfg = Release|Any CPU
		{B19388AC-E00A-4D72-94BD-D4422B450BBE}.Release|Any CPU.Build.0 = Release|Any CPU
		{98370DA1-5274-4131-BA40-E2F8D076B62F}.Debug|Any CPU.ActiveCfg = Debug|Any CPU
		{98370DA1-5274-4131-BA40-E2F8D076B62F}.Debug|Any CPU.Build.0 = Debug|Any CPU
		{98370DA1-5274-4131-BA40-E2F8D076B62F}.Release|Any CPU.ActiveCfg = Release|Any CPU
		{98370DA1-5274-4131-BA40-E2F8D076B62F}.Release|Any CPU.Build.0 = Release|Any CPU
		{C05A4692-7097-4B51-B8E2-38CFBF069091}.Debug|Any CPU.ActiveCfg = Debug|Any CPU
		{C05A4692-7097-4B51-B8E2-38CFBF069091}.Debug|Any CPU.Build.0 = Debug|Any CPU
		{C05A4692-7097-4B51-B8E2-38CFBF069091}.Release|Any CPU.ActiveCfg = Release|Any CPU
		{C05A4692-7097-4B51-B8E2-38CFBF069091}.Release|Any CPU.Build.0 = Release|Any CPU
	EndGlobalSection
	GlobalSection(SolutionProperties) = preSolution
		HideSolutionNode = FALSE
	EndGlobalSection
	GlobalSection(ExtensibilityGlobals) = postSolution
		SolutionGuid = {1764AFD7-2317-4881-A143-09C7F84B88C4}
	EndGlobalSection
EndGlobal
